// !$*UTF8*$!
{
	archiveVersion = 1;
	classes = {
	};
	objectVersion = 55;
	objects = {

/* Begin PBXBuildFile section */
		4000175828D09D6C00F8B0FE /* AppDelegate.swift in Sources */ = {isa = PBXBuildFile; fileRef = 4000175728D09D6C00F8B0FE /* AppDelegate.swift */; };
		4000176228D09D6C00F8B0FE /* Weather_App.xcdatamodeld in Sources */ = {isa = PBXBuildFile; fileRef = 4000176028D09D6C00F8B0FE /* Weather_App.xcdatamodeld */; };
		4000176428D09D6E00F8B0FE /* Assets.xcassets in Resources */ = {isa = PBXBuildFile; fileRef = 4000176328D09D6E00F8B0FE /* Assets.xcassets */; };
		4000176728D09D6E00F8B0FE /* LaunchScreen.storyboard in Resources */ = {isa = PBXBuildFile; fileRef = 4000176528D09D6E00F8B0FE /* LaunchScreen.storyboard */; };
		4000177D28D09E6E00F8B0FE /* BaseViewController.swift in Sources */ = {isa = PBXBuildFile; fileRef = 4000177128D09E6E00F8B0FE /* BaseViewController.swift */; };
		4000177E28D09E6E00F8B0FE /* BaseTableViewCell.swift in Sources */ = {isa = PBXBuildFile; fileRef = 4000177228D09E6E00F8B0FE /* BaseTableViewCell.swift */; };
		4000177F28D09E6E00F8B0FE /* BaseTwoButtonAlertViewController.swift in Sources */ = {isa = PBXBuildFile; fileRef = 4000177428D09E6E00F8B0FE /* BaseTwoButtonAlertViewController.swift */; };
		4000178028D09E6E00F8B0FE /* AlertViewControllerContainerView.swift in Sources */ = {isa = PBXBuildFile; fileRef = 4000177528D09E6E00F8B0FE /* AlertViewControllerContainerView.swift */; };
		4000178128D09E6E00F8B0FE /* AlertViewData.swift in Sources */ = {isa = PBXBuildFile; fileRef = 4000177628D09E6E00F8B0FE /* AlertViewData.swift */; };
		4000178228D09E6E00F8B0FE /* GenericBaseView.swift in Sources */ = {isa = PBXBuildFile; fileRef = 4000177728D09E6E00F8B0FE /* GenericBaseView.swift */; };
		4000178328D09E6E00F8B0FE /* BaseLabel.swift in Sources */ = {isa = PBXBuildFile; fileRef = 4000177828D09E6E00F8B0FE /* BaseLabel.swift */; };
		4000178428D09E6E00F8B0FE /* BaseTableView.swift in Sources */ = {isa = PBXBuildFile; fileRef = 4000177928D09E6E00F8B0FE /* BaseTableView.swift */; };
		4000178528D09E6E00F8B0FE /* GenericTableViewCell.swift in Sources */ = {isa = PBXBuildFile; fileRef = 4000177A28D09E6E00F8B0FE /* GenericTableViewCell.swift */; };
		4000178628D09E6E00F8B0FE /* BaseView.swift in Sources */ = {isa = PBXBuildFile; fileRef = 4000177B28D09E6E00F8B0FE /* BaseView.swift */; };
		4000178728D09E6E00F8B0FE /* BaseButton.swift in Sources */ = {isa = PBXBuildFile; fileRef = 4000177C28D09E6E00F8B0FE /* BaseButton.swift */; };
		4000178B28D09E8A00F8B0FE /* UIColor+Extension.swift in Sources */ = {isa = PBXBuildFile; fileRef = 4000178928D09E8A00F8B0FE /* UIColor+Extension.swift */; };
		4000178C28D09E8A00F8B0FE /* UIView+Extension.swift in Sources */ = {isa = PBXBuildFile; fileRef = 4000178A28D09E8A00F8B0FE /* UIView+Extension.swift */; };
		4000179728D09EB300F8B0FE /* LocationCoordinates.swift in Sources */ = {isa = PBXBuildFile; fileRef = 4000179128D09EB300F8B0FE /* LocationCoordinates.swift */; };
		4000179828D09EB300F8B0FE /* LocationEnum.swift in Sources */ = {isa = PBXBuildFile; fileRef = 4000179228D09EB300F8B0FE /* LocationEnum.swift */; };
		4000179A28D09EB300F8B0FE /* LocationManager.swift in Sources */ = {isa = PBXBuildFile; fileRef = 4000179428D09EB300F8B0FE /* LocationManager.swift */; };
		4000179D28D09EC100F8B0FE /* GenericDataProtocol.swift in Sources */ = {isa = PBXBuildFile; fileRef = 4000179B28D09EC100F8B0FE /* GenericDataProtocol.swift */; };
		4000179E28D09EC100F8B0FE /* BaseViewModel.swift in Sources */ = {isa = PBXBuildFile; fileRef = 4000179C28D09EC100F8B0FE /* BaseViewModel.swift */; };
		400017A128D09EDE00F8B0FE /* RxBlocking in Frameworks */ = {isa = PBXBuildFile; productRef = 400017A028D09EDE00F8B0FE /* RxBlocking */; };
		400017A328D09EDE00F8B0FE /* RxCocoa in Frameworks */ = {isa = PBXBuildFile; productRef = 400017A228D09EDE00F8B0FE /* RxCocoa */; };
		400017A528D09EDE00F8B0FE /* RxRelay in Frameworks */ = {isa = PBXBuildFile; productRef = 400017A428D09EDE00F8B0FE /* RxRelay */; };
		400017A728D09EDE00F8B0FE /* RxSwift in Frameworks */ = {isa = PBXBuildFile; productRef = 400017A628D09EDE00F8B0FE /* RxSwift */; };
		400017AA28D09EE900F8B0FE /* Alamofire in Frameworks */ = {isa = PBXBuildFile; productRef = 400017A928D09EE900F8B0FE /* Alamofire */; };
		400017AF28D0AD5800F8B0FE /* NetworkManager.swift in Sources */ = {isa = PBXBuildFile; fileRef = 400017AE28D0AD5800F8B0FE /* NetworkManager.swift */; };
		400017B128D0AD7300F8B0FE /* HttpMethods.swift in Sources */ = {isa = PBXBuildFile; fileRef = 400017B028D0AD7300F8B0FE /* HttpMethods.swift */; };
		400017B328D0AD8900F8B0FE /* HTTPErrors.swift in Sources */ = {isa = PBXBuildFile; fileRef = 400017B228D0AD8900F8B0FE /* HTTPErrors.swift */; };
		400017B528D0AD9800F8B0FE /* Endpoint.swift in Sources */ = {isa = PBXBuildFile; fileRef = 400017B428D0AD9800F8B0FE /* Endpoint.swift */; };
		400017B728D0B05600F8B0FE /* NetworkConstants.swift in Sources */ = {isa = PBXBuildFile; fileRef = 400017B628D0B05600F8B0FE /* NetworkConstants.swift */; };
		400017BA28D0B10000F8B0FE /* AccuWeatherNetworkConstants.swift in Sources */ = {isa = PBXBuildFile; fileRef = 400017B928D0B10000F8B0FE /* AccuWeatherNetworkConstants.swift */; };
		400017C028D0CBF800F8B0FE /* MainPageViewController.swift in Sources */ = {isa = PBXBuildFile; fileRef = 400017BF28D0CBF800F8B0FE /* MainPageViewController.swift */; };
		400017C228D0CC0E00F8B0FE /* MainPageViewModel.swift in Sources */ = {isa = PBXBuildFile; fileRef = 400017C128D0CC0E00F8B0FE /* MainPageViewModel.swift */; };
		400017C528D0CC5300F8B0FE /* MainPageBuilder.swift in Sources */ = {isa = PBXBuildFile; fileRef = 400017C428D0CC5300F8B0FE /* MainPageBuilder.swift */; };
		400017C828D0D4FE00F8B0FE /* WeatherForecastHourlyModel.swift in Sources */ = {isa = PBXBuildFile; fileRef = 400017C728D0D4FE00F8B0FE /* WeatherForecastHourlyModel.swift */; };
		400017CA28D0D58A00F8B0FE /* WeatherForecastDaily.swift in Sources */ = {isa = PBXBuildFile; fileRef = 400017C928D0D58A00F8B0FE /* WeatherForecastDaily.swift */; };
		400017CE28D0DDC100F8B0FE /* WeatherContainerView.swift in Sources */ = {isa = PBXBuildFile; fileRef = 400017CD28D0DDC100F8B0FE /* WeatherContainerView.swift */; };
		400017D028D0DDDE00F8B0FE /* WeatherContainerViewData.swift in Sources */ = {isa = PBXBuildFile; fileRef = 400017CF28D0DDDE00F8B0FE /* WeatherContainerViewData.swift */; };
		400017D328D0E16300F8B0FE /* WeatherDetailComponent.swift in Sources */ = {isa = PBXBuildFile; fileRef = 400017D228D0E16300F8B0FE /* WeatherDetailComponent.swift */; };
		400017D528D0E17A00F8B0FE /* WeatherDetailData.swift in Sources */ = {isa = PBXBuildFile; fileRef = 400017D428D0E17A00F8B0FE /* WeatherDetailData.swift */; };
		400017D828D0E3A800F8B0FE /* AtmosphericEventsContainerView.swift in Sources */ = {isa = PBXBuildFile; fileRef = 400017D728D0E3A800F8B0FE /* AtmosphericEventsContainerView.swift */; };
		400017DA28D0E3F800F8B0FE /* AtmosphericEventsData.swift in Sources */ = {isa = PBXBuildFile; fileRef = 400017D928D0E3F800F8B0FE /* AtmosphericEventsData.swift */; };
		400017DD28D0F13200F8B0FE /* AtmosphericEventsCardViewData.swift in Sources */ = {isa = PBXBuildFile; fileRef = 400017DC28D0F13200F8B0FE /* AtmosphericEventsCardViewData.swift */; };
		400017DF28D0F14C00F8B0FE /* AtmosphericEventsCardView.swift in Sources */ = {isa = PBXBuildFile; fileRef = 400017DE28D0F14C00F8B0FE /* AtmosphericEventsCardView.swift */; };
		400017E328D0FC0B00F8B0FE /* HourlyWeatherForecastRequest.swift in Sources */ = {isa = PBXBuildFile; fileRef = 400017E228D0FC0B00F8B0FE /* HourlyWeatherForecastRequest.swift */; };
		400017E528D0FE5C00F8B0FE /* CityByLocationModel.swift in Sources */ = {isa = PBXBuildFile; fileRef = 400017E428D0FE5C00F8B0FE /* CityByLocationModel.swift */; };
		400017E828D112A700F8B0FE /* HourlyWeatherCellData.swift in Sources */ = {isa = PBXBuildFile; fileRef = 400017E728D112A700F8B0FE /* HourlyWeatherCellData.swift */; };
		400017EA28D1131D00F8B0FE /* HourlyWeatherCellContainerView.swift in Sources */ = {isa = PBXBuildFile; fileRef = 400017E928D1131D00F8B0FE /* HourlyWeatherCellContainerView.swift */; };
		400017EC28D1147700F8B0FE /* HourlyWeatherCollectionViewCell.swift in Sources */ = {isa = PBXBuildFile; fileRef = 400017EB28D1147700F8B0FE /* HourlyWeatherCollectionViewCell.swift */; };
		400017EE28D114A400F8B0FE /* BaseCollectionViewCell.swift in Sources */ = {isa = PBXBuildFile; fileRef = 400017ED28D114A400F8B0FE /* BaseCollectionViewCell.swift */; };
		400017F028D114CB00F8B0FE /* GenericCollectionViewCell.swift in Sources */ = {isa = PBXBuildFile; fileRef = 400017EF28D114CB00F8B0FE /* GenericCollectionViewCell.swift */; };
		400017F228D114E100F8B0FE /* BaseCollectionView.swift in Sources */ = {isa = PBXBuildFile; fileRef = 400017F128D114E100F8B0FE /* BaseCollectionView.swift */; };
		400017F428D116F100F8B0FE /* HourlyWeatherCardView.swift in Sources */ = {isa = PBXBuildFile; fileRef = 400017F328D116F100F8B0FE /* HourlyWeatherCardView.swift */; };
		400017F628D1175700F8B0FE /* HourlyWeatherCardViewData.swift in Sources */ = {isa = PBXBuildFile; fileRef = 400017F528D1175700F8B0FE /* HourlyWeatherCardViewData.swift */; };
		400017F828D1390900F8B0FE /* SearchByLocationRequest.swift in Sources */ = {isa = PBXBuildFile; fileRef = 400017F728D1390900F8B0FE /* SearchByLocationRequest.swift */; };
		400017FA28D13E1B00F8B0FE /* MainPageFormatter.swift in Sources */ = {isa = PBXBuildFile; fileRef = 400017F928D13E1B00F8B0FE /* MainPageFormatter.swift */; };
		400017FE28D1528E00F8B0FE /* CurrentConditionsModel.swift in Sources */ = {isa = PBXBuildFile; fileRef = 400017FD28D1528E00F8B0FE /* CurrentConditionsModel.swift */; };
		4000180028D1F16A00F8B0FE /* AccuWeatherIcons.xcassets in Resources */ = {isa = PBXBuildFile; fileRef = 400017FF28D1F16A00F8B0FE /* AccuWeatherIcons.xcassets */; };
		4000180228D2096800F8B0FE /* Locale+Extension.swift in Sources */ = {isa = PBXBuildFile; fileRef = 4000180128D2096800F8B0FE /* Locale+Extension.swift */; };
		4000180528D2115600F8B0FE /* BaseSearchController.swift in Sources */ = {isa = PBXBuildFile; fileRef = 4000180428D2115600F8B0FE /* BaseSearchController.swift */; };
		4000180828D2117A00F8B0FE /* SearchController.swift in Sources */ = {isa = PBXBuildFile; fileRef = 4000180728D2117A00F8B0FE /* SearchController.swift */; };
		4000180A28D2118D00F8B0FE /* SearchControllerViewModel.swift in Sources */ = {isa = PBXBuildFile; fileRef = 4000180928D2118D00F8B0FE /* SearchControllerViewModel.swift */; };
		4000181828D2302600F8B0FE /* SearchControllerResultCell.swift in Sources */ = {isa = PBXBuildFile; fileRef = 4000181728D2302600F8B0FE /* SearchControllerResultCell.swift */; };
		4000181A28D2303400F8B0FE /* SearchControllerResultCellCardButton.swift in Sources */ = {isa = PBXBuildFile; fileRef = 4000181928D2303400F8B0FE /* SearchControllerResultCellCardButton.swift */; };
		4000181C28D2304100F8B0FE /* SearchControllerCellCardViewData.swift in Sources */ = {isa = PBXBuildFile; fileRef = 4000181B28D2304100F8B0FE /* SearchControllerCellCardViewData.swift */; };
		4000181E28D27C1100F8B0FE /* GetCitiesRequest.swift in Sources */ = {isa = PBXBuildFile; fileRef = 4000181D28D27C1100F8B0FE /* GetCitiesRequest.swift */; };
		4000182028D27CEA00F8B0FE /* CitiesModel.swift in Sources */ = {isa = PBXBuildFile; fileRef = 4000181F28D27CEA00F8B0FE /* CitiesModel.swift */; };
		4000182228D27D6400F8B0FE /* SearchControllerResultViewFormatter.swift in Sources */ = {isa = PBXBuildFile; fileRef = 4000182128D27D6400F8B0FE /* SearchControllerResultViewFormatter.swift */; };
		4000182528D2ACE600F8B0FE /* DetailPageViewModel.swift in Sources */ = {isa = PBXBuildFile; fileRef = 4000182428D2ACE600F8B0FE /* DetailPageViewModel.swift */; };
		4000182728D2ACEF00F8B0FE /* DetailPageViewController.swift in Sources */ = {isa = PBXBuildFile; fileRef = 4000182628D2ACEF00F8B0FE /* DetailPageViewController.swift */; };
		4000182928D2ACF900F8B0FE /* DetailPageBuilder.swift in Sources */ = {isa = PBXBuildFile; fileRef = 4000182828D2ACF900F8B0FE /* DetailPageBuilder.swift */; };
		4000183528D3501200F8B0FE /* UserDefaultsManager.swift in Sources */ = {isa = PBXBuildFile; fileRef = 4000183428D3501200F8B0FE /* UserDefaultsManager.swift */; };
		402A0BC028D38E7000D27F70 /* SearchedKeywordsTableViewCell.swift in Sources */ = {isa = PBXBuildFile; fileRef = 402A0BBF28D38E7000D27F70 /* SearchedKeywordsTableViewCell.swift */; };
		402A0BC228D3952F00D27F70 /* SearchedKeywordsTableViewCellCardButton.swift in Sources */ = {isa = PBXBuildFile; fileRef = 402A0BC128D3952F00D27F70 /* SearchedKeywordsTableViewCellCardButton.swift */; };
		402A0BC428D396C000D27F70 /* SearchedKeywordsTableViewCellData.swift in Sources */ = {isa = PBXBuildFile; fileRef = 402A0BC328D396C000D27F70 /* SearchedKeywordsTableViewCellData.swift */; };
		402A0BC628D3979B00D27F70 /* SearchControllerDisplayItem.swift in Sources */ = {isa = PBXBuildFile; fileRef = 402A0BC528D3979B00D27F70 /* SearchControllerDisplayItem.swift */; };
/* End PBXBuildFile section */

/* Begin PBXFileReference section */
		4000175428D09D6C00F8B0FE /* Weather App.app */ = {isa = PBXFileReference; explicitFileType = wrapper.application; includeInIndex = 0; path = "Weather App.app"; sourceTree = BUILT_PRODUCTS_DIR; };
		4000175728D09D6C00F8B0FE /* AppDelegate.swift */ = {isa = PBXFileReference; lastKnownFileType = sourcecode.swift; path = AppDelegate.swift; sourceTree = "<group>"; };
		4000176128D09D6C00F8B0FE /* Weather_App.xcdatamodel */ = {isa = PBXFileReference; lastKnownFileType = wrapper.xcdatamodel; path = Weather_App.xcdatamodel; sourceTree = "<group>"; };
		4000176328D09D6E00F8B0FE /* Assets.xcassets */ = {isa = PBXFileReference; lastKnownFileType = folder.assetcatalog; path = Assets.xcassets; sourceTree = "<group>"; };
		4000176628D09D6E00F8B0FE /* Base */ = {isa = PBXFileReference; lastKnownFileType = file.storyboard; name = Base; path = Base.lproj/LaunchScreen.storyboard; sourceTree = "<group>"; };
		4000176828D09D6E00F8B0FE /* Info.plist */ = {isa = PBXFileReference; lastKnownFileType = text.plist.xml; path = Info.plist; sourceTree = "<group>"; };
		4000177128D09E6E00F8B0FE /* BaseViewController.swift */ = {isa = PBXFileReference; fileEncoding = 4; lastKnownFileType = sourcecode.swift; path = BaseViewController.swift; sourceTree = "<group>"; };
		4000177228D09E6E00F8B0FE /* BaseTableViewCell.swift */ = {isa = PBXFileReference; fileEncoding = 4; lastKnownFileType = sourcecode.swift; path = BaseTableViewCell.swift; sourceTree = "<group>"; };
		4000177428D09E6E00F8B0FE /* BaseTwoButtonAlertViewController.swift */ = {isa = PBXFileReference; fileEncoding = 4; lastKnownFileType = sourcecode.swift; path = BaseTwoButtonAlertViewController.swift; sourceTree = "<group>"; };
		4000177528D09E6E00F8B0FE /* AlertViewControllerContainerView.swift */ = {isa = PBXFileReference; fileEncoding = 4; lastKnownFileType = sourcecode.swift; path = AlertViewControllerContainerView.swift; sourceTree = "<group>"; };
		4000177628D09E6E00F8B0FE /* AlertViewData.swift */ = {isa = PBXFileReference; fileEncoding = 4; lastKnownFileType = sourcecode.swift; path = AlertViewData.swift; sourceTree = "<group>"; };
		4000177728D09E6E00F8B0FE /* GenericBaseView.swift */ = {isa = PBXFileReference; fileEncoding = 4; lastKnownFileType = sourcecode.swift; path = GenericBaseView.swift; sourceTree = "<group>"; };
		4000177828D09E6E00F8B0FE /* BaseLabel.swift */ = {isa = PBXFileReference; fileEncoding = 4; lastKnownFileType = sourcecode.swift; path = BaseLabel.swift; sourceTree = "<group>"; };
		4000177928D09E6E00F8B0FE /* BaseTableView.swift */ = {isa = PBXFileReference; fileEncoding = 4; lastKnownFileType = sourcecode.swift; path = BaseTableView.swift; sourceTree = "<group>"; };
		4000177A28D09E6E00F8B0FE /* GenericTableViewCell.swift */ = {isa = PBXFileReference; fileEncoding = 4; lastKnownFileType = sourcecode.swift; path = GenericTableViewCell.swift; sourceTree = "<group>"; };
		4000177B28D09E6E00F8B0FE /* BaseView.swift */ = {isa = PBXFileReference; fileEncoding = 4; lastKnownFileType = sourcecode.swift; path = BaseView.swift; sourceTree = "<group>"; };
		4000177C28D09E6E00F8B0FE /* BaseButton.swift */ = {isa = PBXFileReference; fileEncoding = 4; lastKnownFileType = sourcecode.swift; path = BaseButton.swift; sourceTree = "<group>"; };
		4000178928D09E8A00F8B0FE /* UIColor+Extension.swift */ = {isa = PBXFileReference; fileEncoding = 4; lastKnownFileType = sourcecode.swift; path = "UIColor+Extension.swift"; sourceTree = "<group>"; };
		4000178A28D09E8A00F8B0FE /* UIView+Extension.swift */ = {isa = PBXFileReference; fileEncoding = 4; lastKnownFileType = sourcecode.swift; path = "UIView+Extension.swift"; sourceTree = "<group>"; };
		4000179128D09EB300F8B0FE /* LocationCoordinates.swift */ = {isa = PBXFileReference; fileEncoding = 4; lastKnownFileType = sourcecode.swift; path = LocationCoordinates.swift; sourceTree = "<group>"; };
		4000179228D09EB300F8B0FE /* LocationEnum.swift */ = {isa = PBXFileReference; fileEncoding = 4; lastKnownFileType = sourcecode.swift; path = LocationEnum.swift; sourceTree = "<group>"; };
		4000179428D09EB300F8B0FE /* LocationManager.swift */ = {isa = PBXFileReference; fileEncoding = 4; lastKnownFileType = sourcecode.swift; path = LocationManager.swift; sourceTree = "<group>"; };
		4000179B28D09EC100F8B0FE /* GenericDataProtocol.swift */ = {isa = PBXFileReference; fileEncoding = 4; lastKnownFileType = sourcecode.swift; path = GenericDataProtocol.swift; sourceTree = "<group>"; };
		4000179C28D09EC100F8B0FE /* BaseViewModel.swift */ = {isa = PBXFileReference; fileEncoding = 4; lastKnownFileType = sourcecode.swift; path = BaseViewModel.swift; sourceTree = "<group>"; };
		400017AE28D0AD5800F8B0FE /* NetworkManager.swift */ = {isa = PBXFileReference; lastKnownFileType = sourcecode.swift; path = NetworkManager.swift; sourceTree = "<group>"; };
		400017B028D0AD7300F8B0FE /* HttpMethods.swift */ = {isa = PBXFileReference; lastKnownFileType = sourcecode.swift; path = HttpMethods.swift; sourceTree = "<group>"; };
		400017B228D0AD8900F8B0FE /* HTTPErrors.swift */ = {isa = PBXFileReference; lastKnownFileType = sourcecode.swift; path = HTTPErrors.swift; sourceTree = "<group>"; };
		400017B428D0AD9800F8B0FE /* Endpoint.swift */ = {isa = PBXFileReference; lastKnownFileType = sourcecode.swift; path = Endpoint.swift; sourceTree = "<group>"; };
		400017B628D0B05600F8B0FE /* NetworkConstants.swift */ = {isa = PBXFileReference; lastKnownFileType = sourcecode.swift; path = NetworkConstants.swift; sourceTree = "<group>"; };
		400017B928D0B10000F8B0FE /* AccuWeatherNetworkConstants.swift */ = {isa = PBXFileReference; lastKnownFileType = sourcecode.swift; path = AccuWeatherNetworkConstants.swift; sourceTree = "<group>"; };
		400017BF28D0CBF800F8B0FE /* MainPageViewController.swift */ = {isa = PBXFileReference; lastKnownFileType = sourcecode.swift; path = MainPageViewController.swift; sourceTree = "<group>"; };
		400017C128D0CC0E00F8B0FE /* MainPageViewModel.swift */ = {isa = PBXFileReference; lastKnownFileType = sourcecode.swift; path = MainPageViewModel.swift; sourceTree = "<group>"; };
		400017C428D0CC5300F8B0FE /* MainPageBuilder.swift */ = {isa = PBXFileReference; lastKnownFileType = sourcecode.swift; path = MainPageBuilder.swift; sourceTree = "<group>"; };
		400017C728D0D4FE00F8B0FE /* WeatherForecastHourlyModel.swift */ = {isa = PBXFileReference; lastKnownFileType = sourcecode.swift; path = WeatherForecastHourlyModel.swift; sourceTree = "<group>"; };
		400017C928D0D58A00F8B0FE /* WeatherForecastDaily.swift */ = {isa = PBXFileReference; lastKnownFileType = sourcecode.swift; path = WeatherForecastDaily.swift; sourceTree = "<group>"; };
		400017CD28D0DDC100F8B0FE /* WeatherContainerView.swift */ = {isa = PBXFileReference; lastKnownFileType = sourcecode.swift; path = WeatherContainerView.swift; sourceTree = "<group>"; };
		400017CF28D0DDDE00F8B0FE /* WeatherContainerViewData.swift */ = {isa = PBXFileReference; lastKnownFileType = sourcecode.swift; path = WeatherContainerViewData.swift; sourceTree = "<group>"; };
		400017D228D0E16300F8B0FE /* WeatherDetailComponent.swift */ = {isa = PBXFileReference; lastKnownFileType = sourcecode.swift; path = WeatherDetailComponent.swift; sourceTree = "<group>"; };
		400017D428D0E17A00F8B0FE /* WeatherDetailData.swift */ = {isa = PBXFileReference; lastKnownFileType = sourcecode.swift; path = WeatherDetailData.swift; sourceTree = "<group>"; };
		400017D728D0E3A800F8B0FE /* AtmosphericEventsContainerView.swift */ = {isa = PBXFileReference; lastKnownFileType = sourcecode.swift; path = AtmosphericEventsContainerView.swift; sourceTree = "<group>"; };
		400017D928D0E3F800F8B0FE /* AtmosphericEventsData.swift */ = {isa = PBXFileReference; lastKnownFileType = sourcecode.swift; path = AtmosphericEventsData.swift; sourceTree = "<group>"; };
		400017DC28D0F13200F8B0FE /* AtmosphericEventsCardViewData.swift */ = {isa = PBXFileReference; lastKnownFileType = sourcecode.swift; path = AtmosphericEventsCardViewData.swift; sourceTree = "<group>"; };
		400017DE28D0F14C00F8B0FE /* AtmosphericEventsCardView.swift */ = {isa = PBXFileReference; lastKnownFileType = sourcecode.swift; path = AtmosphericEventsCardView.swift; sourceTree = "<group>"; };
		400017E228D0FC0B00F8B0FE /* HourlyWeatherForecastRequest.swift */ = {isa = PBXFileReference; lastKnownFileType = sourcecode.swift; path = HourlyWeatherForecastRequest.swift; sourceTree = "<group>"; };
		400017E428D0FE5C00F8B0FE /* CityByLocationModel.swift */ = {isa = PBXFileReference; lastKnownFileType = sourcecode.swift; path = CityByLocationModel.swift; sourceTree = "<group>"; };
		400017E728D112A700F8B0FE /* HourlyWeatherCellData.swift */ = {isa = PBXFileReference; lastKnownFileType = sourcecode.swift; path = HourlyWeatherCellData.swift; sourceTree = "<group>"; };
		400017E928D1131D00F8B0FE /* HourlyWeatherCellContainerView.swift */ = {isa = PBXFileReference; lastKnownFileType = sourcecode.swift; path = HourlyWeatherCellContainerView.swift; sourceTree = "<group>"; };
		400017EB28D1147700F8B0FE /* HourlyWeatherCollectionViewCell.swift */ = {isa = PBXFileReference; lastKnownFileType = sourcecode.swift; path = HourlyWeatherCollectionViewCell.swift; sourceTree = "<group>"; };
		400017ED28D114A400F8B0FE /* BaseCollectionViewCell.swift */ = {isa = PBXFileReference; lastKnownFileType = sourcecode.swift; path = BaseCollectionViewCell.swift; sourceTree = "<group>"; };
		400017EF28D114CB00F8B0FE /* GenericCollectionViewCell.swift */ = {isa = PBXFileReference; lastKnownFileType = sourcecode.swift; path = GenericCollectionViewCell.swift; sourceTree = "<group>"; };
		400017F128D114E100F8B0FE /* BaseCollectionView.swift */ = {isa = PBXFileReference; lastKnownFileType = sourcecode.swift; path = BaseCollectionView.swift; sourceTree = "<group>"; };
		400017F328D116F100F8B0FE /* HourlyWeatherCardView.swift */ = {isa = PBXFileReference; lastKnownFileType = sourcecode.swift; path = HourlyWeatherCardView.swift; sourceTree = "<group>"; };
		400017F528D1175700F8B0FE /* HourlyWeatherCardViewData.swift */ = {isa = PBXFileReference; lastKnownFileType = sourcecode.swift; path = HourlyWeatherCardViewData.swift; sourceTree = "<group>"; };
		400017F728D1390900F8B0FE /* SearchByLocationRequest.swift */ = {isa = PBXFileReference; lastKnownFileType = sourcecode.swift; path = SearchByLocationRequest.swift; sourceTree = "<group>"; };
		400017F928D13E1B00F8B0FE /* MainPageFormatter.swift */ = {isa = PBXFileReference; lastKnownFileType = sourcecode.swift; path = MainPageFormatter.swift; sourceTree = "<group>"; };
		400017FD28D1528E00F8B0FE /* CurrentConditionsModel.swift */ = {isa = PBXFileReference; lastKnownFileType = sourcecode.swift; path = CurrentConditionsModel.swift; sourceTree = "<group>"; };
		400017FF28D1F16A00F8B0FE /* AccuWeatherIcons.xcassets */ = {isa = PBXFileReference; lastKnownFileType = folder.assetcatalog; path = AccuWeatherIcons.xcassets; sourceTree = "<group>"; };
		4000180128D2096800F8B0FE /* Locale+Extension.swift */ = {isa = PBXFileReference; lastKnownFileType = sourcecode.swift; path = "Locale+Extension.swift"; sourceTree = "<group>"; };
		4000180428D2115600F8B0FE /* BaseSearchController.swift */ = {isa = PBXFileReference; lastKnownFileType = sourcecode.swift; path = BaseSearchController.swift; sourceTree = "<group>"; };
		4000180728D2117A00F8B0FE /* SearchController.swift */ = {isa = PBXFileReference; lastKnownFileType = sourcecode.swift; path = SearchController.swift; sourceTree = "<group>"; };
		4000180928D2118D00F8B0FE /* SearchControllerViewModel.swift */ = {isa = PBXFileReference; lastKnownFileType = sourcecode.swift; path = SearchControllerViewModel.swift; sourceTree = "<group>"; };
		4000181728D2302600F8B0FE /* SearchControllerResultCell.swift */ = {isa = PBXFileReference; lastKnownFileType = sourcecode.swift; path = SearchControllerResultCell.swift; sourceTree = "<group>"; };
		4000181928D2303400F8B0FE /* SearchControllerResultCellCardButton.swift */ = {isa = PBXFileReference; lastKnownFileType = sourcecode.swift; path = SearchControllerResultCellCardButton.swift; sourceTree = "<group>"; };
		4000181B28D2304100F8B0FE /* SearchControllerCellCardViewData.swift */ = {isa = PBXFileReference; lastKnownFileType = sourcecode.swift; path = SearchControllerCellCardViewData.swift; sourceTree = "<group>"; };
		4000181D28D27C1100F8B0FE /* GetCitiesRequest.swift */ = {isa = PBXFileReference; lastKnownFileType = sourcecode.swift; path = GetCitiesRequest.swift; sourceTree = "<group>"; };
		4000181F28D27CEA00F8B0FE /* CitiesModel.swift */ = {isa = PBXFileReference; lastKnownFileType = sourcecode.swift; path = CitiesModel.swift; sourceTree = "<group>"; };
		4000182128D27D6400F8B0FE /* SearchControllerResultViewFormatter.swift */ = {isa = PBXFileReference; lastKnownFileType = sourcecode.swift; path = SearchControllerResultViewFormatter.swift; sourceTree = "<group>"; };
		4000182428D2ACE600F8B0FE /* DetailPageViewModel.swift */ = {isa = PBXFileReference; lastKnownFileType = sourcecode.swift; path = DetailPageViewModel.swift; sourceTree = "<group>"; };
		4000182628D2ACEF00F8B0FE /* DetailPageViewController.swift */ = {isa = PBXFileReference; lastKnownFileType = sourcecode.swift; path = DetailPageViewController.swift; sourceTree = "<group>"; };
		4000182828D2ACF900F8B0FE /* DetailPageBuilder.swift */ = {isa = PBXFileReference; lastKnownFileType = sourcecode.swift; path = DetailPageBuilder.swift; sourceTree = "<group>"; };
		4000183428D3501200F8B0FE /* UserDefaultsManager.swift */ = {isa = PBXFileReference; lastKnownFileType = sourcecode.swift; path = UserDefaultsManager.swift; sourceTree = "<group>"; };
		402A0BBF28D38E7000D27F70 /* SearchedKeywordsTableViewCell.swift */ = {isa = PBXFileReference; lastKnownFileType = sourcecode.swift; path = SearchedKeywordsTableViewCell.swift; sourceTree = "<group>"; };
		402A0BC128D3952F00D27F70 /* SearchedKeywordsTableViewCellCardButton.swift */ = {isa = PBXFileReference; lastKnownFileType = sourcecode.swift; path = SearchedKeywordsTableViewCellCardButton.swift; sourceTree = "<group>"; };
		402A0BC328D396C000D27F70 /* SearchedKeywordsTableViewCellData.swift */ = {isa = PBXFileReference; lastKnownFileType = sourcecode.swift; path = SearchedKeywordsTableViewCellData.swift; sourceTree = "<group>"; };
		402A0BC528D3979B00D27F70 /* SearchControllerDisplayItem.swift */ = {isa = PBXFileReference; lastKnownFileType = sourcecode.swift; path = SearchControllerDisplayItem.swift; sourceTree = "<group>"; };
/* End PBXFileReference section */

/* Begin PBXFrameworksBuildPhase section */
		4000175128D09D6C00F8B0FE /* Frameworks */ = {
			isa = PBXFrameworksBuildPhase;
			buildActionMask = 2147483647;
			files = (
				400017AA28D09EE900F8B0FE /* Alamofire in Frameworks */,
				400017A528D09EDE00F8B0FE /* RxRelay in Frameworks */,
				400017A328D09EDE00F8B0FE /* RxCocoa in Frameworks */,
				400017A728D09EDE00F8B0FE /* RxSwift in Frameworks */,
				400017A128D09EDE00F8B0FE /* RxBlocking in Frameworks */,
			);
			runOnlyForDeploymentPostprocessing = 0;
		};
/* End PBXFrameworksBuildPhase section */

/* Begin PBXGroup section */
		4000174B28D09D6C00F8B0FE = {
			isa = PBXGroup;
			children = (
				4000175628D09D6C00F8B0FE /* Weather App */,
				4000175528D09D6C00F8B0FE /* Products */,
			);
			sourceTree = "<group>";
		};
		4000175528D09D6C00F8B0FE /* Products */ = {
			isa = PBXGroup;
			children = (
				4000175428D09D6C00F8B0FE /* Weather App.app */,
			);
			name = Products;
			sourceTree = "<group>";
		};
		4000175628D09D6C00F8B0FE /* Weather App */ = {
			isa = PBXGroup;
			children = (
				4000182A28D33EE700F8B0FE /* Managers */,
				400017CB28D0DD6400F8B0FE /* Components */,
				400017AC28D0A13A00F8B0FE /* Network */,
				4000176F28D09D8800F8B0FE /* Assets */,
				4000176E28D09D7E00F8B0FE /* App Files */,
				4000178D28D09E9700F8B0FE /* Support Files */,
				4000177028D09E6E00F8B0FE /* Base Components */,
				400017BE28D0CBD900F8B0FE /* Screens */,
				4000178828D09E8A00F8B0FE /* Extensions */,
				4000176528D09D6E00F8B0FE /* LaunchScreen.storyboard */,
				4000176828D09D6E00F8B0FE /* Info.plist */,
				4000176028D09D6C00F8B0FE /* Weather_App.xcdatamodeld */,
			);
			path = "Weather App";
			sourceTree = "<group>";
		};
		4000176E28D09D7E00F8B0FE /* App Files */ = {
			isa = PBXGroup;
			children = (
				4000175728D09D6C00F8B0FE /* AppDelegate.swift */,
			);
			path = "App Files";
			sourceTree = "<group>";
		};
		4000176F28D09D8800F8B0FE /* Assets */ = {
			isa = PBXGroup;
			children = (
				4000176328D09D6E00F8B0FE /* Assets.xcassets */,
				400017FF28D1F16A00F8B0FE /* AccuWeatherIcons.xcassets */,
			);
			path = Assets;
			sourceTree = "<group>";
		};
		4000177028D09E6E00F8B0FE /* Base Components */ = {
			isa = PBXGroup;
			children = (
				4000177128D09E6E00F8B0FE /* BaseViewController.swift */,
				4000177228D09E6E00F8B0FE /* BaseTableViewCell.swift */,
				4000177328D09E6E00F8B0FE /* Base Alert Controller */,
				4000177728D09E6E00F8B0FE /* GenericBaseView.swift */,
				4000177828D09E6E00F8B0FE /* BaseLabel.swift */,
				4000177928D09E6E00F8B0FE /* BaseTableView.swift */,
				4000177A28D09E6E00F8B0FE /* GenericTableViewCell.swift */,
				4000177B28D09E6E00F8B0FE /* BaseView.swift */,
				4000177C28D09E6E00F8B0FE /* BaseButton.swift */,
				400017ED28D114A400F8B0FE /* BaseCollectionViewCell.swift */,
				400017EF28D114CB00F8B0FE /* GenericCollectionViewCell.swift */,
				400017F128D114E100F8B0FE /* BaseCollectionView.swift */,
				4000180428D2115600F8B0FE /* BaseSearchController.swift */,
			);
			path = "Base Components";
			sourceTree = "<group>";
		};
		4000177328D09E6E00F8B0FE /* Base Alert Controller */ = {
			isa = PBXGroup;
			children = (
				4000177428D09E6E00F8B0FE /* BaseTwoButtonAlertViewController.swift */,
				4000177528D09E6E00F8B0FE /* AlertViewControllerContainerView.swift */,
				4000177628D09E6E00F8B0FE /* AlertViewData.swift */,
			);
			path = "Base Alert Controller";
			sourceTree = "<group>";
		};
		4000178828D09E8A00F8B0FE /* Extensions */ = {
			isa = PBXGroup;
			children = (
				4000180128D2096800F8B0FE /* Locale+Extension.swift */,
				4000178928D09E8A00F8B0FE /* UIColor+Extension.swift */,
				4000178A28D09E8A00F8B0FE /* UIView+Extension.swift */,
			);
			path = Extensions;
			sourceTree = "<group>";
		};
		4000178D28D09E9700F8B0FE /* Support Files */ = {
			isa = PBXGroup;
			children = (
				4000179C28D09EC100F8B0FE /* BaseViewModel.swift */,
				4000179B28D09EC100F8B0FE /* GenericDataProtocol.swift */,
			);
			path = "Support Files";
			sourceTree = "<group>";
		};
		4000178E28D09EB300F8B0FE /* LocationManager */ = {
			isa = PBXGroup;
			children = (
				4000179128D09EB300F8B0FE /* LocationCoordinates.swift */,
				4000179228D09EB300F8B0FE /* LocationEnum.swift */,
				4000179428D09EB300F8B0FE /* LocationManager.swift */,
			);
			path = LocationManager;
			sourceTree = "<group>";
		};
		400017AC28D0A13A00F8B0FE /* Network */ = {
			isa = PBXGroup;
			children = (
				400017C628D0D4F200F8B0FE /* Models */,
				400017B828D0B0E600F8B0FE /* Weather Api Requests */,
				400017AD28D0AD4800F8B0FE /* Manager */,
			);
			path = Network;
			sourceTree = "<group>";
		};
		400017AD28D0AD4800F8B0FE /* Manager */ = {
			isa = PBXGroup;
			children = (
				400017AE28D0AD5800F8B0FE /* NetworkManager.swift */,
				400017B028D0AD7300F8B0FE /* HttpMethods.swift */,
				400017B228D0AD8900F8B0FE /* HTTPErrors.swift */,
				400017B428D0AD9800F8B0FE /* Endpoint.swift */,
				400017B628D0B05600F8B0FE /* NetworkConstants.swift */,
			);
			path = Manager;
			sourceTree = "<group>";
		};
		400017B828D0B0E600F8B0FE /* Weather Api Requests */ = {
			isa = PBXGroup;
			children = (
				400017B928D0B10000F8B0FE /* AccuWeatherNetworkConstants.swift */,
				400017E228D0FC0B00F8B0FE /* HourlyWeatherForecastRequest.swift */,
				400017F728D1390900F8B0FE /* SearchByLocationRequest.swift */,
				4000181D28D27C1100F8B0FE /* GetCitiesRequest.swift */,
			);
			path = "Weather Api Requests";
			sourceTree = "<group>";
		};
		400017BE28D0CBD900F8B0FE /* Screens */ = {
			isa = PBXGroup;
			children = (
				4000182328D2A7B800F8B0FE /* Detail Screen */,
				400017C328D0CC1000F8B0FE /* Main Screen */,
			);
			path = Screens;
			sourceTree = "<group>";
		};
		400017C328D0CC1000F8B0FE /* Main Screen */ = {
			isa = PBXGroup;
			children = (
				400017C128D0CC0E00F8B0FE /* MainPageViewModel.swift */,
				400017BF28D0CBF800F8B0FE /* MainPageViewController.swift */,
				400017C428D0CC5300F8B0FE /* MainPageBuilder.swift */,
				400017F928D13E1B00F8B0FE /* MainPageFormatter.swift */,
			);
			path = "Main Screen";
			sourceTree = "<group>";
		};
		400017C628D0D4F200F8B0FE /* Models */ = {
			isa = PBXGroup;
			children = (
				400017C728D0D4FE00F8B0FE /* WeatherForecastHourlyModel.swift */,
				400017C928D0D58A00F8B0FE /* WeatherForecastDaily.swift */,
				400017E428D0FE5C00F8B0FE /* CityByLocationModel.swift */,
				400017FD28D1528E00F8B0FE /* CurrentConditionsModel.swift */,
				4000181F28D27CEA00F8B0FE /* CitiesModel.swift */,
			);
			path = Models;
			sourceTree = "<group>";
		};
		400017CB28D0DD6400F8B0FE /* Components */ = {
			isa = PBXGroup;
			children = (
				4000180628D2116400F8B0FE /* Search Controller */,
				400017E028D0F9F700F8B0FE /* Hourly Weather Info */,
				400017CC28D0DD6900F8B0FE /* Weather Detailized Component */,
			);
			path = Components;
			sourceTree = "<group>";
		};
		400017CC28D0DD6900F8B0FE /* Weather Detailized Component */ = {
			isa = PBXGroup;
			children = (
				400017DB28D0F11100F8B0FE /* Atmospheric Events Card View */,
				400017D628D0E38A00F8B0FE /* Atmospheric Event Component */,
				400017D128D0E14000F8B0FE /* Weather Detail Component */,
				400017CD28D0DDC100F8B0FE /* WeatherContainerView.swift */,
				400017CF28D0DDDE00F8B0FE /* WeatherContainerViewData.swift */,
			);
			path = "Weather Detailized Component";
			sourceTree = "<group>";
		};
		400017D128D0E14000F8B0FE /* Weather Detail Component */ = {
			isa = PBXGroup;
			children = (
				400017D228D0E16300F8B0FE /* WeatherDetailComponent.swift */,
				400017D428D0E17A00F8B0FE /* WeatherDetailData.swift */,
			);
			path = "Weather Detail Component";
			sourceTree = "<group>";
		};
		400017D628D0E38A00F8B0FE /* Atmospheric Event Component */ = {
			isa = PBXGroup;
			children = (
				400017D728D0E3A800F8B0FE /* AtmosphericEventsContainerView.swift */,
				400017D928D0E3F800F8B0FE /* AtmosphericEventsData.swift */,
			);
			path = "Atmospheric Event Component";
			sourceTree = "<group>";
		};
		400017DB28D0F11100F8B0FE /* Atmospheric Events Card View */ = {
			isa = PBXGroup;
			children = (
				400017DC28D0F13200F8B0FE /* AtmosphericEventsCardViewData.swift */,
				400017DE28D0F14C00F8B0FE /* AtmosphericEventsCardView.swift */,
			);
			path = "Atmospheric Events Card View";
			sourceTree = "<group>";
		};
		400017E028D0F9F700F8B0FE /* Hourly Weather Info */ = {
			isa = PBXGroup;
			children = (
				400017E128D0FA2F00F8B0FE /* Cell */,
				400017F328D116F100F8B0FE /* HourlyWeatherCardView.swift */,
				400017F528D1175700F8B0FE /* HourlyWeatherCardViewData.swift */,
			);
			path = "Hourly Weather Info";
			sourceTree = "<group>";
		};
		400017E128D0FA2F00F8B0FE /* Cell */ = {
			isa = PBXGroup;
			children = (
				400017E728D112A700F8B0FE /* HourlyWeatherCellData.swift */,
				400017E928D1131D00F8B0FE /* HourlyWeatherCellContainerView.swift */,
				400017EB28D1147700F8B0FE /* HourlyWeatherCollectionViewCell.swift */,
			);
			path = Cell;
			sourceTree = "<group>";
		};
		4000180328D20D7200F8B0FE /* Location */ = {
			isa = PBXGroup;
			children = (
				4000178E28D09EB300F8B0FE /* LocationManager */,
			);
			path = Location;
			sourceTree = "<group>";
		};
		4000180628D2116400F8B0FE /* Search Controller */ = {
			isa = PBXGroup;
			children = (
				4000181628D2301300F8B0FE /* Cells */,
				4000180728D2117A00F8B0FE /* SearchController.swift */,
				4000180928D2118D00F8B0FE /* SearchControllerViewModel.swift */,
				4000182128D27D6400F8B0FE /* SearchControllerResultViewFormatter.swift */,
				402A0BC528D3979B00D27F70 /* SearchControllerDisplayItem.swift */,
			);
			path = "Search Controller";
			sourceTree = "<group>";
		};
		4000181628D2301300F8B0FE /* Cells */ = {
			isa = PBXGroup;
			children = (
				402A0BBE28D38E5C00D27F70 /* Searched Keywords */,
				402A0BBD28D38E4A00D27F70 /* Search Results */,
			);
			path = Cells;
			sourceTree = "<group>";
		};
		4000182328D2A7B800F8B0FE /* Detail Screen */ = {
			isa = PBXGroup;
			children = (
				4000182428D2ACE600F8B0FE /* DetailPageViewModel.swift */,
				4000182628D2ACEF00F8B0FE /* DetailPageViewController.swift */,
				4000182828D2ACF900F8B0FE /* DetailPageBuilder.swift */,
			);
			path = "Detail Screen";
			sourceTree = "<group>";
		};
		4000182A28D33EE700F8B0FE /* Managers */ = {
			isa = PBXGroup;
			children = (
				4000183328D3500500F8B0FE /* User Defaults */,
				4000180328D20D7200F8B0FE /* Location */,
			);
			path = Managers;
			sourceTree = "<group>";
		};
		4000183328D3500500F8B0FE /* User Defaults */ = {
			isa = PBXGroup;
			children = (
				4000183428D3501200F8B0FE /* UserDefaultsManager.swift */,
			);
			path = "User Defaults";
			sourceTree = "<group>";
		};
		402A0BBD28D38E4A00D27F70 /* Search Results */ = {
			isa = PBXGroup;
			children = (
				4000181B28D2304100F8B0FE /* SearchControllerCellCardViewData.swift */,
				4000181928D2303400F8B0FE /* SearchControllerResultCellCardButton.swift */,
				4000181728D2302600F8B0FE /* SearchControllerResultCell.swift */,
			);
			path = "Search Results";
			sourceTree = "<group>";
		};
		402A0BBE28D38E5C00D27F70 /* Searched Keywords */ = {
			isa = PBXGroup;
			children = (
				402A0BBF28D38E7000D27F70 /* SearchedKeywordsTableViewCell.swift */,
				402A0BC128D3952F00D27F70 /* SearchedKeywordsTableViewCellCardButton.swift */,
				402A0BC328D396C000D27F70 /* SearchedKeywordsTableViewCellData.swift */,
			);
			path = "Searched Keywords";
			sourceTree = "<group>";
		};
/* End PBXGroup section */

/* Begin PBXNativeTarget section */
		4000175328D09D6C00F8B0FE /* Weather App */ = {
			isa = PBXNativeTarget;
			buildConfigurationList = 4000176B28D09D6E00F8B0FE /* Build configuration list for PBXNativeTarget "Weather App" */;
			buildPhases = (
				4000175028D09D6C00F8B0FE /* Sources */,
				4000175128D09D6C00F8B0FE /* Frameworks */,
				4000175228D09D6C00F8B0FE /* Resources */,
			);
			buildRules = (
			);
			dependencies = (
			);
			name = "Weather App";
			packageProductDependencies = (
				400017A028D09EDE00F8B0FE /* RxBlocking */,
				400017A228D09EDE00F8B0FE /* RxCocoa */,
				400017A428D09EDE00F8B0FE /* RxRelay */,
				400017A628D09EDE00F8B0FE /* RxSwift */,
				400017A928D09EE900F8B0FE /* Alamofire */,
			);
			productName = "Weather App";
			productReference = 4000175428D09D6C00F8B0FE /* Weather App.app */;
			productType = "com.apple.product-type.application";
		};
/* End PBXNativeTarget section */

/* Begin PBXProject section */
		4000174C28D09D6C00F8B0FE /* Project object */ = {
			isa = PBXProject;
			attributes = {
				BuildIndependentTargetsInParallel = 1;
				LastSwiftUpdateCheck = 1340;
				LastUpgradeCheck = 1340;
				TargetAttributes = {
					4000175328D09D6C00F8B0FE = {
						CreatedOnToolsVersion = 13.4.1;
					};
				};
			};
			buildConfigurationList = 4000174F28D09D6C00F8B0FE /* Build configuration list for PBXProject "Weather App" */;
			compatibilityVersion = "Xcode 13.0";
			developmentRegion = en;
			hasScannedForEncodings = 0;
			knownRegions = (
				en,
				Base,
			);
			mainGroup = 4000174B28D09D6C00F8B0FE;
			packageReferences = (
				4000179F28D09EDE00F8B0FE /* XCRemoteSwiftPackageReference "RxSwift" */,
				400017A828D09EE900F8B0FE /* XCRemoteSwiftPackageReference "Alamofire" */,
			);
			productRefGroup = 4000175528D09D6C00F8B0FE /* Products */;
			projectDirPath = "";
			projectRoot = "";
			targets = (
				4000175328D09D6C00F8B0FE /* Weather App */,
			);
		};
/* End PBXProject section */

/* Begin PBXResourcesBuildPhase section */
		4000175228D09D6C00F8B0FE /* Resources */ = {
			isa = PBXResourcesBuildPhase;
			buildActionMask = 2147483647;
			files = (
				4000176728D09D6E00F8B0FE /* LaunchScreen.storyboard in Resources */,
				4000176428D09D6E00F8B0FE /* Assets.xcassets in Resources */,
				4000180028D1F16A00F8B0FE /* AccuWeatherIcons.xcassets in Resources */,
			);
			runOnlyForDeploymentPostprocessing = 0;
		};
/* End PBXResourcesBuildPhase section */

/* Begin PBXSourcesBuildPhase section */
		4000175028D09D6C00F8B0FE /* Sources */ = {
			isa = PBXSourcesBuildPhase;
			buildActionMask = 2147483647;
			files = (
				402A0BC228D3952F00D27F70 /* SearchedKeywordsTableViewCellCardButton.swift in Sources */,
				4000180A28D2118D00F8B0FE /* SearchControllerViewModel.swift in Sources */,
				400017D028D0DDDE00F8B0FE /* WeatherContainerViewData.swift in Sources */,
				400017B528D0AD9800F8B0FE /* Endpoint.swift in Sources */,
				400017B128D0AD7300F8B0FE /* HttpMethods.swift in Sources */,
				400017D528D0E17A00F8B0FE /* WeatherDetailData.swift in Sources */,
				4000178728D09E6E00F8B0FE /* BaseButton.swift in Sources */,
				400017F228D114E100F8B0FE /* BaseCollectionView.swift in Sources */,
				400017DD28D0F13200F8B0FE /* AtmosphericEventsCardViewData.swift in Sources */,
				4000179D28D09EC100F8B0FE /* GenericDataProtocol.swift in Sources */,
				400017F628D1175700F8B0FE /* HourlyWeatherCardViewData.swift in Sources */,
				400017B328D0AD8900F8B0FE /* HTTPErrors.swift in Sources */,
				4000182228D27D6400F8B0FE /* SearchControllerResultViewFormatter.swift in Sources */,
				400017CE28D0DDC100F8B0FE /* WeatherContainerView.swift in Sources */,
				4000178028D09E6E00F8B0FE /* AlertViewControllerContainerView.swift in Sources */,
				400017D328D0E16300F8B0FE /* WeatherDetailComponent.swift in Sources */,
				400017DF28D0F14C00F8B0FE /* AtmosphericEventsCardView.swift in Sources */,
				400017C828D0D4FE00F8B0FE /* WeatherForecastHourlyModel.swift in Sources */,
				4000181E28D27C1100F8B0FE /* GetCitiesRequest.swift in Sources */,
				400017F028D114CB00F8B0FE /* GenericCollectionViewCell.swift in Sources */,
				400017E328D0FC0B00F8B0FE /* HourlyWeatherForecastRequest.swift in Sources */,
				400017AF28D0AD5800F8B0FE /* NetworkManager.swift in Sources */,
				400017C228D0CC0E00F8B0FE /* MainPageViewModel.swift in Sources */,
				4000178328D09E6E00F8B0FE /* BaseLabel.swift in Sources */,
				400017FE28D1528E00F8B0FE /* CurrentConditionsModel.swift in Sources */,
				4000178C28D09E8A00F8B0FE /* UIView+Extension.swift in Sources */,
				4000180228D2096800F8B0FE /* Locale+Extension.swift in Sources */,
				4000182528D2ACE600F8B0FE /* DetailPageViewModel.swift in Sources */,
				402A0BC428D396C000D27F70 /* SearchedKeywordsTableViewCellData.swift in Sources */,
				400017E528D0FE5C00F8B0FE /* CityByLocationModel.swift in Sources */,
				400017C028D0CBF800F8B0FE /* MainPageViewController.swift in Sources */,
				400017EA28D1131D00F8B0FE /* HourlyWeatherCellContainerView.swift in Sources */,
				4000179828D09EB300F8B0FE /* LocationEnum.swift in Sources */,
				4000177E28D09E6E00F8B0FE /* BaseTableViewCell.swift in Sources */,
				400017CA28D0D58A00F8B0FE /* WeatherForecastDaily.swift in Sources */,
				4000178628D09E6E00F8B0FE /* BaseView.swift in Sources */,
				4000176228D09D6C00F8B0FE /* Weather_App.xcdatamodeld in Sources */,
				4000181C28D2304100F8B0FE /* SearchControllerCellCardViewData.swift in Sources */,
				400017EC28D1147700F8B0FE /* HourlyWeatherCollectionViewCell.swift in Sources */,
				400017F828D1390900F8B0FE /* SearchByLocationRequest.swift in Sources */,
				4000182028D27CEA00F8B0FE /* CitiesModel.swift in Sources */,
				4000178428D09E6E00F8B0FE /* BaseTableView.swift in Sources */,
				400017EE28D114A400F8B0FE /* BaseCollectionViewCell.swift in Sources */,
				400017E828D112A700F8B0FE /* HourlyWeatherCellData.swift in Sources */,
				4000178B28D09E8A00F8B0FE /* UIColor+Extension.swift in Sources */,
				4000178228D09E6E00F8B0FE /* GenericBaseView.swift in Sources */,
				4000180828D2117A00F8B0FE /* SearchController.swift in Sources */,
				4000179E28D09EC100F8B0FE /* BaseViewModel.swift in Sources */,
				400017B728D0B05600F8B0FE /* NetworkConstants.swift in Sources */,
				4000180528D2115600F8B0FE /* BaseSearchController.swift in Sources */,
				4000181828D2302600F8B0FE /* SearchControllerResultCell.swift in Sources */,
				4000178528D09E6E00F8B0FE /* GenericTableViewCell.swift in Sources */,
				400017FA28D13E1B00F8B0FE /* MainPageFormatter.swift in Sources */,
				400017F428D116F100F8B0FE /* HourlyWeatherCardView.swift in Sources */,
				4000178128D09E6E00F8B0FE /* AlertViewData.swift in Sources */,
				402A0BC028D38E7000D27F70 /* SearchedKeywordsTableViewCell.swift in Sources */,
				402A0BC628D3979B00D27F70 /* SearchControllerDisplayItem.swift in Sources */,
				400017D828D0E3A800F8B0FE /* AtmosphericEventsContainerView.swift in Sources */,
				4000182928D2ACF900F8B0FE /* DetailPageBuilder.swift in Sources */,
				4000177F28D09E6E00F8B0FE /* BaseTwoButtonAlertViewController.swift in Sources */,
				4000179728D09EB300F8B0FE /* LocationCoordinates.swift in Sources */,
				4000182728D2ACEF00F8B0FE /* DetailPageViewController.swift in Sources */,
				4000179A28D09EB300F8B0FE /* LocationManager.swift in Sources */,
				4000175828D09D6C00F8B0FE /* AppDelegate.swift in Sources */,
				400017DA28D0E3F800F8B0FE /* AtmosphericEventsData.swift in Sources */,
				4000183528D3501200F8B0FE /* UserDefaultsManager.swift in Sources */,
				4000181A28D2303400F8B0FE /* SearchControllerResultCellCardButton.swift in Sources */,
				4000177D28D09E6E00F8B0FE /* BaseViewController.swift in Sources */,
				400017C528D0CC5300F8B0FE /* MainPageBuilder.swift in Sources */,
				400017BA28D0B10000F8B0FE /* AccuWeatherNetworkConstants.swift in Sources */,
			);
			runOnlyForDeploymentPostprocessing = 0;
		};
/* End PBXSourcesBuildPhase section */

/* Begin PBXVariantGroup section */
		4000176528D09D6E00F8B0FE /* LaunchScreen.storyboard */ = {
			isa = PBXVariantGroup;
			children = (
				4000176628D09D6E00F8B0FE /* Base */,
			);
			name = LaunchScreen.storyboard;
			sourceTree = "<group>";
		};
/* End PBXVariantGroup section */

/* Begin XCBuildConfiguration section */
		4000176928D09D6E00F8B0FE /* Debug */ = {
			isa = XCBuildConfiguration;
			buildSettings = {
				ALWAYS_SEARCH_USER_PATHS = NO;
				CLANG_ANALYZER_NONNULL = YES;
				CLANG_ANALYZER_NUMBER_OBJECT_CONVERSION = YES_AGGRESSIVE;
				CLANG_CXX_LANGUAGE_STANDARD = "gnu++17";
				CLANG_ENABLE_MODULES = YES;
				CLANG_ENABLE_OBJC_ARC = YES;
				CLANG_ENABLE_OBJC_WEAK = YES;
				CLANG_WARN_BLOCK_CAPTURE_AUTORELEASING = YES;
				CLANG_WARN_BOOL_CONVERSION = YES;
				CLANG_WARN_COMMA = YES;
				CLANG_WARN_CONSTANT_CONVERSION = YES;
				CLANG_WARN_DEPRECATED_OBJC_IMPLEMENTATIONS = YES;
				CLANG_WARN_DIRECT_OBJC_ISA_USAGE = YES_ERROR;
				CLANG_WARN_DOCUMENTATION_COMMENTS = YES;
				CLANG_WARN_EMPTY_BODY = YES;
				CLANG_WARN_ENUM_CONVERSION = YES;
				CLANG_WARN_INFINITE_RECURSION = YES;
				CLANG_WARN_INT_CONVERSION = YES;
				CLANG_WARN_NON_LITERAL_NULL_CONVERSION = YES;
				CLANG_WARN_OBJC_IMPLICIT_RETAIN_SELF = YES;
				CLANG_WARN_OBJC_LITERAL_CONVERSION = YES;
				CLANG_WARN_OBJC_ROOT_CLASS = YES_ERROR;
				CLANG_WARN_QUOTED_INCLUDE_IN_FRAMEWORK_HEADER = YES;
				CLANG_WARN_RANGE_LOOP_ANALYSIS = YES;
				CLANG_WARN_STRICT_PROTOTYPES = YES;
				CLANG_WARN_SUSPICIOUS_MOVE = YES;
				CLANG_WARN_UNGUARDED_AVAILABILITY = YES_AGGRESSIVE;
				CLANG_WARN_UNREACHABLE_CODE = YES;
				CLANG_WARN__DUPLICATE_METHOD_MATCH = YES;
				COPY_PHASE_STRIP = NO;
				DEBUG_INFORMATION_FORMAT = dwarf;
				ENABLE_STRICT_OBJC_MSGSEND = YES;
				ENABLE_TESTABILITY = YES;
				GCC_C_LANGUAGE_STANDARD = gnu11;
				GCC_DYNAMIC_NO_PIC = NO;
				GCC_NO_COMMON_BLOCKS = YES;
				GCC_OPTIMIZATION_LEVEL = 0;
				GCC_PREPROCESSOR_DEFINITIONS = (
					"DEBUG=1",
					"$(inherited)",
				);
				GCC_WARN_64_TO_32_BIT_CONVERSION = YES;
				GCC_WARN_ABOUT_RETURN_TYPE = YES_ERROR;
				GCC_WARN_UNDECLARED_SELECTOR = YES;
				GCC_WARN_UNINITIALIZED_AUTOS = YES_AGGRESSIVE;
				GCC_WARN_UNUSED_FUNCTION = YES;
				GCC_WARN_UNUSED_VARIABLE = YES;
				IPHONEOS_DEPLOYMENT_TARGET = 14.0;
				MTL_ENABLE_DEBUG_INFO = INCLUDE_SOURCE;
				MTL_FAST_MATH = YES;
				ONLY_ACTIVE_ARCH = YES;
				SDKROOT = iphoneos;
				SWIFT_ACTIVE_COMPILATION_CONDITIONS = DEBUG;
				SWIFT_OPTIMIZATION_LEVEL = "-Onone";
			};
			name = Debug;
		};
		4000176A28D09D6E00F8B0FE /* Release */ = {
			isa = XCBuildConfiguration;
			buildSettings = {
				ALWAYS_SEARCH_USER_PATHS = NO;
				CLANG_ANALYZER_NONNULL = YES;
				CLANG_ANALYZER_NUMBER_OBJECT_CONVERSION = YES_AGGRESSIVE;
				CLANG_CXX_LANGUAGE_STANDARD = "gnu++17";
				CLANG_ENABLE_MODULES = YES;
				CLANG_ENABLE_OBJC_ARC = YES;
				CLANG_ENABLE_OBJC_WEAK = YES;
				CLANG_WARN_BLOCK_CAPTURE_AUTORELEASING = YES;
				CLANG_WARN_BOOL_CONVERSION = YES;
				CLANG_WARN_COMMA = YES;
				CLANG_WARN_CONSTANT_CONVERSION = YES;
				CLANG_WARN_DEPRECATED_OBJC_IMPLEMENTATIONS = YES;
				CLANG_WARN_DIRECT_OBJC_ISA_USAGE = YES_ERROR;
				CLANG_WARN_DOCUMENTATION_COMMENTS = YES;
				CLANG_WARN_EMPTY_BODY = YES;
				CLANG_WARN_ENUM_CONVERSION = YES;
				CLANG_WARN_INFINITE_RECURSION = YES;
				CLANG_WARN_INT_CONVERSION = YES;
				CLANG_WARN_NON_LITERAL_NULL_CONVERSION = YES;
				CLANG_WARN_OBJC_IMPLICIT_RETAIN_SELF = YES;
				CLANG_WARN_OBJC_LITERAL_CONVERSION = YES;
				CLANG_WARN_OBJC_ROOT_CLASS = YES_ERROR;
				CLANG_WARN_QUOTED_INCLUDE_IN_FRAMEWORK_HEADER = YES;
				CLANG_WARN_RANGE_LOOP_ANALYSIS = YES;
				CLANG_WARN_STRICT_PROTOTYPES = YES;
				CLANG_WARN_SUSPICIOUS_MOVE = YES;
				CLANG_WARN_UNGUARDED_AVAILABILITY = YES_AGGRESSIVE;
				CLANG_WARN_UNREACHABLE_CODE = YES;
				CLANG_WARN__DUPLICATE_METHOD_MATCH = YES;
				COPY_PHASE_STRIP = NO;
				DEBUG_INFORMATION_FORMAT = "dwarf-with-dsym";
				ENABLE_NS_ASSERTIONS = NO;
				ENABLE_STRICT_OBJC_MSGSEND = YES;
				GCC_C_LANGUAGE_STANDARD = gnu11;
				GCC_NO_COMMON_BLOCKS = YES;
				GCC_WARN_64_TO_32_BIT_CONVERSION = YES;
				GCC_WARN_ABOUT_RETURN_TYPE = YES_ERROR;
				GCC_WARN_UNDECLARED_SELECTOR = YES;
				GCC_WARN_UNINITIALIZED_AUTOS = YES_AGGRESSIVE;
				GCC_WARN_UNUSED_FUNCTION = YES;
				GCC_WARN_UNUSED_VARIABLE = YES;
				IPHONEOS_DEPLOYMENT_TARGET = 14.0;
				MTL_ENABLE_DEBUG_INFO = NO;
				MTL_FAST_MATH = YES;
				SDKROOT = iphoneos;
				SWIFT_COMPILATION_MODE = wholemodule;
				SWIFT_OPTIMIZATION_LEVEL = "-O";
				VALIDATE_PRODUCT = YES;
			};
			name = Release;
		};
		4000176C28D09D6E00F8B0FE /* Debug */ = {
			isa = XCBuildConfiguration;
			buildSettings = {
				ASSETCATALOG_COMPILER_APPICON_NAME = AppIcon;
				ASSETCATALOG_COMPILER_GLOBAL_ACCENT_COLOR_NAME = AccentColor;
				CODE_SIGN_STYLE = Automatic;
				CURRENT_PROJECT_VERSION = 1;
				DEVELOPMENT_TEAM = AYUDH4AXL5;
				GENERATE_INFOPLIST_FILE = YES;
				INFOPLIST_FILE = "Weather App/Info.plist";
				INFOPLIST_KEY_CFBundleDisplayName = "Weather App";
				INFOPLIST_KEY_NSLocationAlwaysAndWhenInUseUsageDescription = "Uygulama hiç bir şekilde kişisel verilerinize erişmeyecektir. Konum bilgisine izin vermeniz yakınınızda bulunan nöbetçi eczaneleri bulmanızı sağlar.";
				INFOPLIST_KEY_UIApplicationSupportsIndirectInputEvents = YES;
				INFOPLIST_KEY_UILaunchStoryboardName = LaunchScreen;
				INFOPLIST_KEY_UISupportedInterfaceOrientations_iPad = "UIInterfaceOrientationPortrait UIInterfaceOrientationPortraitUpsideDown UIInterfaceOrientationLandscapeLeft UIInterfaceOrientationLandscapeRight";
				INFOPLIST_KEY_UISupportedInterfaceOrientations_iPhone = "UIInterfaceOrientationPortrait UIInterfaceOrientationLandscapeLeft UIInterfaceOrientationLandscapeRight";
				LD_RUNPATH_SEARCH_PATHS = (
					"$(inherited)",
					"@executable_path/Frameworks",
				);
				MARKETING_VERSION = 1.0;
				PRODUCT_BUNDLE_IDENTIFIER = "com.mertdemirtas.Weather-App";
				PRODUCT_NAME = "$(TARGET_NAME)";
				SWIFT_EMIT_LOC_STRINGS = YES;
				SWIFT_VERSION = 5.0;
				TARGETED_DEVICE_FAMILY = "1,2";
			};
			name = Debug;
		};
		4000176D28D09D6E00F8B0FE /* Release */ = {
			isa = XCBuildConfiguration;
			buildSettings = {
				ASSETCATALOG_COMPILER_APPICON_NAME = AppIcon;
				ASSETCATALOG_COMPILER_GLOBAL_ACCENT_COLOR_NAME = AccentColor;
				CODE_SIGN_STYLE = Automatic;
				CURRENT_PROJECT_VERSION = 1;
				DEVELOPMENT_TEAM = AYUDH4AXL5;
				GENERATE_INFOPLIST_FILE = YES;
				INFOPLIST_FILE = "Weather App/Info.plist";
				INFOPLIST_KEY_CFBundleDisplayName = "Weather App";
				INFOPLIST_KEY_NSLocationAlwaysAndWhenInUseUsageDescription = "Uygulama hiç bir şekilde kişisel verilerinize erişmeyecektir. Konum bilgisine izin vermeniz yakınınızda bulunan nöbetçi eczaneleri bulmanızı sağlar.";
				INFOPLIST_KEY_UIApplicationSupportsIndirectInputEvents = YES;
				INFOPLIST_KEY_UILaunchStoryboardName = LaunchScreen;
				INFOPLIST_KEY_UISupportedInterfaceOrientations_iPad = "UIInterfaceOrientationPortrait UIInterfaceOrientationPortraitUpsideDown UIInterfaceOrientationLandscapeLeft UIInterfaceOrientationLandscapeRight";
				INFOPLIST_KEY_UISupportedInterfaceOrientations_iPhone = "UIInterfaceOrientationPortrait UIInterfaceOrientationLandscapeLeft UIInterfaceOrientationLandscapeRight";
				LD_RUNPATH_SEARCH_PATHS = (
					"$(inherited)",
					"@executable_path/Frameworks",
				);
				MARKETING_VERSION = 1.0;
				PRODUCT_BUNDLE_IDENTIFIER = "com.mertdemirtas.Weather-App";
				PRODUCT_NAME = "$(TARGET_NAME)";
				SWIFT_EMIT_LOC_STRINGS = YES;
				SWIFT_VERSION = 5.0;
				TARGETED_DEVICE_FAMILY = "1,2";
			};
			name = Release;
		};
/* End XCBuildConfiguration section */

/* Begin XCConfigurationList section */
		4000174F28D09D6C00F8B0FE /* Build configuration list for PBXProject "Weather App" */ = {
			isa = XCConfigurationList;
			buildConfigurations = (
				4000176928D09D6E00F8B0FE /* Debug */,
				4000176A28D09D6E00F8B0FE /* Release */,
			);
			defaultConfigurationIsVisible = 0;
			defaultConfigurationName = Release;
		};
		4000176B28D09D6E00F8B0FE /* Build configuration list for PBXNativeTarget "Weather App" */ = {
			isa = XCConfigurationList;
			buildConfigurations = (
				4000176C28D09D6E00F8B0FE /* Debug */,
				4000176D28D09D6E00F8B0FE /* Release */,
			);
			defaultConfigurationIsVisible = 0;
			defaultConfigurationName = Release;
		};
/* End XCConfigurationList section */

/* Begin XCRemoteSwiftPackageReference section */
		4000179F28D09EDE00F8B0FE /* XCRemoteSwiftPackageReference "RxSwift" */ = {
			isa = XCRemoteSwiftPackageReference;
			repositoryURL = "https://github.com/ReactiveX/RxSwift.git";
			requirement = {
				kind = upToNextMajorVersion;
				minimumVersion = 6.0.0;
			};
		};
		400017A828D09EE900F8B0FE /* XCRemoteSwiftPackageReference "Alamofire" */ = {
			isa = XCRemoteSwiftPackageReference;
			repositoryURL = "https://github.com/Alamofire/Alamofire.git";
			requirement = {
				kind = upToNextMajorVersion;
				minimumVersion = 5.0.0;
			};
		};
/* End XCRemoteSwiftPackageReference section */

/* Begin XCSwiftPackageProductDependency section */
		400017A028D09EDE00F8B0FE /* RxBlocking */ = {
			isa = XCSwiftPackageProductDependency;
			package = 4000179F28D09EDE00F8B0FE /* XCRemoteSwiftPackageReference "RxSwift" */;
			productName = RxBlocking;
		};
		400017A228D09EDE00F8B0FE /* RxCocoa */ = {
			isa = XCSwiftPackageProductDependency;
			package = 4000179F28D09EDE00F8B0FE /* XCRemoteSwiftPackageReference "RxSwift" */;
			productName = RxCocoa;
		};
		400017A428D09EDE00F8B0FE /* RxRelay */ = {
			isa = XCSwiftPackageProductDependency;
			package = 4000179F28D09EDE00F8B0FE /* XCRemoteSwiftPackageReference "RxSwift" */;
			productName = RxRelay;
		};
		400017A628D09EDE00F8B0FE /* RxSwift */ = {
			isa = XCSwiftPackageProductDependency;
			package = 4000179F28D09EDE00F8B0FE /* XCRemoteSwiftPackageReference "RxSwift" */;
			productName = RxSwift;
		};
		400017A928D09EE900F8B0FE /* Alamofire */ = {
			isa = XCSwiftPackageProductDependency;
			package = 400017A828D09EE900F8B0FE /* XCRemoteSwiftPackageReference "Alamofire" */;
			productName = Alamofire;
		};
/* End XCSwiftPackageProductDependency section */

/* Begin XCVersionGroup section */
		4000176028D09D6C00F8B0FE /* Weather_App.xcdatamodeld */ = {
			isa = XCVersionGroup;
			children = (
				4000176128D09D6C00F8B0FE /* Weather_App.xcdatamodel */,
			);
			currentVersion = 4000176128D09D6C00F8B0FE /* Weather_App.xcdatamodel */;
			path = Weather_App.xcdatamodeld;
			sourceTree = "<group>";
			versionGroupType = wrapper.xcdatamodel;
		};
/* End XCVersionGroup section */
	};
	rootObject = 4000174C28D09D6C00F8B0FE /* Project object */;
}
